
Microsoft Visual Studio Solution File, Format Version 12.00
# Visual Studio Version 16
VisualStudioVersion = 16.0.30330.147
MinimumVisualStudioVersion = 10.0.40219.1
Project("{9A19103F-16F7-4668-BE54-9A1E7A4F7556}") = "Dexter", "Dexter/Dexter.csproj", "{EC546701-C9F2-4D73-BF6C-2B7B9ECF8425}"
EndProject
Global
	GlobalSection(SolutionConfigurationPlatforms) = preSolution
		Debug|Any CPU = Debug|Any CPU
		Release|Any CPU = Release|Any CPU
	EndGlobalSection
	GlobalSection(ProjectConfigurationPlatforms) = postSolution
		{EC546701-C9F2-4D73-BF6C-2B7B9ECF8425}.Debug|Any CPU.ActiveCfg = Debug|Any CPU
		{EC546701-C9F2-4D73-BF6C-2B7B9ECF8425}.Debug|Any CPU.Build.0 = Debug|Any CPU
		{EC546701-C9F2-4D73-BF6C-2B7B9ECF8425}.Release|Any CPU.ActiveCfg = Release|Any CPU
		{EC546701-C9F2-4D73-BF6C-2B7B9ECF8425}.Release|Any CPU.Build.0 = Release|Any CPU
	EndGlobalSection
	GlobalSection(SolutionProperties) = preSolution
		HideSolutionNode = FALSE
	EndGlobalSection
	GlobalSection(ExtensibilityGlobals) = postSolution
		SolutionGuid = {E18A1FCF-17AB-4CA4-B3F5-21F19D53E670}
	EndGlobalSection
EndGlobal
